{
    "version": 3,
    "terraform_version": "0.11.0",
    "serial": 2,
    "lineage": "8a8e643d-e4f4-4252-9fa2-a4cfe67e9d8b",
    "modules": [
        {
            "path": [
                "root"
            ],
            "outputs": {},
            "resources": {
                "aws_default_security_group.default": {
                    "type": "aws_default_security_group",
                    "depends_on": [
                        "data.terraform_remote_state.vpc"
                    ],
                    "primary": {
                        "id": "sg-60e8811b",
                        "attributes": {
                            "egress.#": "1",
                            "egress.482069346.cidr_blocks.#": "1",
                            "egress.482069346.cidr_blocks.0": "0.0.0.0/0",
                            "egress.482069346.description": "",
                            "egress.482069346.from_port": "0",
                            "egress.482069346.ipv6_cidr_blocks.#": "0",
                            "egress.482069346.prefix_list_ids.#": "0",
                            "egress.482069346.protocol": "-1",
                            "egress.482069346.security_groups.#": "0",
                            "egress.482069346.self": "false",
                            "egress.482069346.to_port": "0",
                            "id": "sg-60e8811b",
                            "ingress.#": "1",
                            "ingress.753360330.cidr_blocks.#": "0",
                            "ingress.753360330.description": "",
                            "ingress.753360330.from_port": "0",
                            "ingress.753360330.ipv6_cidr_blocks.#": "0",
                            "ingress.753360330.protocol": "-1",
                            "ingress.753360330.security_groups.#": "0",
                            "ingress.753360330.self": "true",
                            "ingress.753360330.to_port": "0",
                            "name": "default",
                            "owner_id": "535504779856",
                            "revoke_rules_on_delete": "false",
                            "tags.%": "0",
                            "vpc_id": "vpc-f6141d91"
                        },
                        "meta": {
                            "schema_version": "1"
                        },
                        "tainted": false
                    },
                    "deposed": [],
                    "provider": "provider.aws"
                },
                "aws_efs_file_system.game-files": {
                    "type": "aws_efs_file_system",
                    "depends_on": [],
                    "primary": {
                        "id": "fs-b142f478",
                        "attributes": {
                            "creation_token": "terraform-20171204215033867600000001",
                            "dns_name": "fs-b142f478.efs.eu-west-1.amazonaws.com",
                            "encrypted": "false",
                            "id": "fs-b142f478",
                            "kms_key_id": "",
                            "performance_mode": "generalPurpose",
                            "tags.%": "1",
                            "tags.Name": "game-files"
                        },
                        "meta": {},
                        "tainted": false
                    },
                    "deposed": [],
                    "provider": "provider.aws"
                },
                "aws_efs_mount_target.games-efs-target.0": {
                    "type": "aws_efs_mount_target",
                    "depends_on": [
                        "aws_efs_file_system.game-files",
                        "data.terraform_remote_state.vpc"
                    ],
                    "primary": {
                        "id": "fsmt-cbd36302",
                        "attributes": {
                            "dns_name": "fs-b142f478.efs.eu-west-1.amazonaws.com",
                            "file_system_id": "fs-b142f478",
                            "id": "fsmt-cbd36302",
                            "ip_address": "172.20.16.104",
                            "network_interface_id": "eni-6ad6ca6a",
                            "security_groups.#": "1",
                            "security_groups.465319370": "sg-60e8811b",
                            "subnet_id": "subnet-b25428e9"
                        },
                        "meta": {},
                        "tainted": false
                    },
                    "deposed": [],
                    "provider": "provider.aws"
                },
                "aws_efs_mount_target.games-efs-target.1": {
                    "type": "aws_efs_mount_target",
                    "depends_on": [
                        "aws_efs_file_system.game-files",
                        "data.terraform_remote_state.vpc"
                    ],
                    "primary": {
                        "id": "fsmt-c9d36300",
                        "attributes": {
                            "dns_name": "fs-b142f478.efs.eu-west-1.amazonaws.com",
                            "file_system_id": "fs-b142f478",
                            "id": "fsmt-c9d36300",
                            "ip_address": "172.20.81.235",
                            "network_interface_id": "eni-ae48d081",
                            "security_groups.#": "1",
                            "security_groups.465319370": "sg-60e8811b",
                            "subnet_id": "subnet-fe794a99"
                        },
                        "meta": {},
                        "tainted": false
                    },
                    "deposed": [],
                    "provider": "provider.aws"
                },
                "aws_efs_mount_target.games-efs-target.2": {
                    "type": "aws_efs_mount_target",
                    "depends_on": [
                        "aws_efs_file_system.game-files",
                        "data.terraform_remote_state.vpc"
                    ],
                    "primary": {
                        "id": "fsmt-cdd36304",
                        "attributes": {
                            "dns_name": "fs-b142f478.efs.eu-west-1.amazonaws.com",
                            "file_system_id": "fs-b142f478",
                            "id": "fsmt-cdd36304",
                            "ip_address": "172.20.149.187",
                            "network_interface_id": "eni-3d08810c",
                            "security_groups.#": "1",
                            "security_groups.465319370": "sg-60e8811b",
                            "subnet_id": "subnet-7a9f9a33"
                        },
                        "meta": {},
                        "tainted": false
                    },
                    "deposed": [],
                    "provider": "provider.aws"
                },
                "aws_security_group.home_network_allow_ssh": {
                    "type": "aws_security_group",
                    "depends_on": [
                        "data.terraform_remote_state.vpc"
                    ],
                    "primary": {
                        "id": "sg-d3f891a8",
                        "attributes": {
                            "description": "Managed by Terraform",
                            "egress.#": "0",
                            "id": "sg-d3f891a8",
                            "ingress.#": "1",
                            "ingress.1475751235.cidr_blocks.#": "1",
                            "ingress.1475751235.cidr_blocks.0": "95.91.246.104/32",
                            "ingress.1475751235.description": "",
                            "ingress.1475751235.from_port": "0",
                            "ingress.1475751235.ipv6_cidr_blocks.#": "0",
                            "ingress.1475751235.protocol": "tcp",
                            "ingress.1475751235.security_groups.#": "0",
                            "ingress.1475751235.self": "false",
                            "ingress.1475751235.to_port": "22",
                            "name": "home_network_allow_ssh",
                            "owner_id": "535504779856",
                            "revoke_rules_on_delete": "false",
                            "tags.%": "0",
                            "vpc_id": "vpc-f6141d91"
                        },
                        "meta": {
                            "schema_version": "1"
                        },
                        "tainted": false
                    },
                    "deposed": [],
                    "provider": "provider.aws"
                },
                "aws_security_group.public_network_allow_steam_traffic": {
                    "type": "aws_security_group",
                    "depends_on": [
                        "data.terraform_remote_state.vpc"
                    ],
                    "primary": {
                        "id": "sg-f2fa9389",
                        "attributes": {
                            "description": "Managed by Terraform",
                            "egress.#": "1",
                            "egress.482069346.cidr_blocks.#": "1",
                            "egress.482069346.cidr_blocks.0": "0.0.0.0/0",
                            "egress.482069346.description": "",
                            "egress.482069346.from_port": "0",
                            "egress.482069346.ipv6_cidr_blocks.#": "0",
                            "egress.482069346.prefix_list_ids.#": "0",
                            "egress.482069346.protocol": "-1",
                            "egress.482069346.security_groups.#": "0",
                            "egress.482069346.self": "false",
                            "egress.482069346.to_port": "0",
                            "id": "sg-f2fa9389",
                            "ingress.#": "4",
                            "ingress.1155946453.cidr_blocks.#": "1",
                            "ingress.1155946453.cidr_blocks.0": "0.0.0.0/0",
                            "ingress.1155946453.description": "",
                            "ingress.1155946453.from_port": "27014",
                            "ingress.1155946453.ipv6_cidr_blocks.#": "0",
                            "ingress.1155946453.protocol": "tcp",
                            "ingress.1155946453.security_groups.#": "0",
                            "ingress.1155946453.self": "false",
                            "ingress.1155946453.to_port": "27050",
                            "ingress.1169857755.cidr_blocks.#": "1",
                            "ingress.1169857755.cidr_blocks.0": "0.0.0.0/0",
                            "ingress.1169857755.description": "",
                            "ingress.1169857755.from_port": "27000",
                            "ingress.1169857755.ipv6_cidr_blocks.#": "0",
                            "ingress.1169857755.protocol": "udp",
                            "ingress.1169857755.security_groups.#": "0",
                            "ingress.1169857755.self": "false",
                            "ingress.1169857755.to_port": "27015",
                            "ingress.2104412389.cidr_blocks.#": "1",
                            "ingress.2104412389.cidr_blocks.0": "0.0.0.0/0",
                            "ingress.2104412389.description": "",
                            "ingress.2104412389.from_port": "0",
                            "ingress.2104412389.ipv6_cidr_blocks.#": "0",
                            "ingress.2104412389.protocol": "udp",
                            "ingress.2104412389.security_groups.#": "0",
                            "ingress.2104412389.self": "false",
                            "ingress.2104412389.to_port": "4380",
                            "ingress.2233364376.cidr_blocks.#": "1",
                            "ingress.2233364376.cidr_blocks.0": "0.0.0.0/0",
                            "ingress.2233364376.description": "",
                            "ingress.2233364376.from_port": "27016",
                            "ingress.2233364376.ipv6_cidr_blocks.#": "0",
                            "ingress.2233364376.protocol": "udp",
                            "ingress.2233364376.security_groups.#": "0",
                            "ingress.2233364376.self": "false",
                            "ingress.2233364376.to_port": "27030",
                            "name": "public_network_allow_steam_traffic",
                            "owner_id": "535504779856",
                            "revoke_rules_on_delete": "false",
                            "tags.%": "0",
                            "vpc_id": "vpc-f6141d91"
                        },
                        "meta": {
                            "schema_version": "1"
                        },
                        "tainted": false
                    },
                    "deposed": [],
                    "provider": "provider.aws"
                },
                "data.terraform_remote_state.vpc": {
                    "type": "terraform_remote_state",
                    "depends_on": [],
                    "primary": {
                        "id": "2017-12-04 21:50:16.684567594 +0000 UTC",
                        "attributes": {
                            "backend": "s3",
                            "config.%": "3",
                            "config.bucket": "remote-states",
                            "config.key": "steam/vpc.state",
                            "config.region": "eu-west-1",
                            "environment": "default",
                            "id": "2017-12-04 21:50:16.684567594 +0000 UTC",
                            "subnet_a_id": "subnet-b25428e9",
                            "subnet_b_id": "subnet-fe794a99",
                            "subnet_c_id": "subnet-7a9f9a33",
                            "subnets.#": "3",
                            "subnets.0": "subnet-b25428e9",
                            "subnets.1": "subnet-fe794a99",
                            "subnets.2": "subnet-7a9f9a33",
                            "vpc_id": "vpc-f6141d91"
                        },
                        "meta": {},
                        "tainted": false
                    },
                    "deposed": [],
                    "provider": "provider.terraform"
                }
            },
            "depends_on": []
        }
    ]
}
